// !$*UTF8*$!
{
	archiveVersion = 1;
	classes = {
	};
	objectVersion = 77;
	objects = {

/* Begin PBXContainerItemProxy section */
		CD014F1C2E1AD658000E8F68 /* PBXContainerItemProxy */ = {
			isa = PBXContainerItemProxy;
			containerPortal = CD014EFD2E1AD656000E8F68 /* Project object */;
			proxyType = 1;
			remoteGlobalIDString = CD014F042E1AD656000E8F68;
			remoteInfo = symbolRoller;
		};
		CD014F262E1AD658000E8F68 /* PBXContainerItemProxy */ = {
			isa = PBXContainerItemProxy;
			containerPortal = CD014EFD2E1AD656000E8F68 /* Project object */;
			proxyType = 1;
			remoteGlobalIDString = CD014F042E1AD656000E8F68;
			remoteInfo = symbolRoller;
		};
/* End PBXContainerItemProxy section */

/* Begin PBXFileReference section */
		CD014F052E1AD656000E8F68 /* symbolRoller.app */ = {isa = PBXFileReference; explicitFileType = wrapper.application; includeInIndex = 0; path = symbolRoller.app; sourceTree = BUILT_PRODUCTS_DIR; };
		CD014F1B2E1AD658000E8F68 /* symbolRollerTests.xctest */ = {isa = PBXFileReference; explicitFileType = wrapper.cfbundle; includeInIndex = 0; path = symbolRollerTests.xctest; sourceTree = BUILT_PRODUCTS_DIR; };
		CD014F252E1AD658000E8F68 /* symbolRollerUITests.xctest */ = {isa = PBXFileReference; explicitFileType = wrapper.cfbundle; includeInIndex = 0; path = symbolRollerUITests.xctest; sourceTree = BUILT_PRODUCTS_DIR; };
/* End PBXFileReference section */

/* Begin PBXFileSystemSynchronizedBuildFileExceptionSet section */
		CD014F2D2E1AD658000E8F68 /* Exceptions for "symbolRoller" folder in "symbolRoller" target */ = {
			isa = PBXFileSystemSynchronizedBuildFileExceptionSet;
			membershipExceptions = (
				Info.plist,
			);
			target = CD014F042E1AD656000E8F68 /* symbolRoller */;
		};
/* End PBXFileSystemSynchronizedBuildFileExceptionSet section */

/* Begin PBXFileSystemSynchronizedRootGroup section */
		CD014F072E1AD656000E8F68 /* symbolRoller */ = {
			isa = PBXFileSystemSynchronizedRootGroup;
			exceptions = (
				CD014F2D2E1AD658000E8F68 /* Exceptions for "symbolRoller" folder in "symbolRoller" target */,
			);
			path = symbolRoller;
			sourceTree = "<group>";
		};
		CD014F1E2E1AD658000E8F68 /* symbolRollerTests */ = {
			isa = PBXFileSystemSynchronizedRootGroup;
			path = symbolRollerTests;
			sourceTree = "<group>";
		};
		CD014F282E1AD658000E8F68 /* symbolRollerUITests */ = {
			isa = PBXFileSystemSynchronizedRootGroup;
			path = symbolRollerUITests;
			sourceTree = "<group>";
		};
/* End PBXFileSystemSynchronizedRootGroup section */

/* Begin PBXFrameworksBuildPhase section */
		CD014F022E1AD656000E8F68 /* Frameworks */ = {
			isa = PBXFrameworksBuildPhase;
			buildActionMask = 2147483647;
			files = (
			);
			runOnlyForDeploymentPostprocessing = 0;
		};
		CD014F182E1AD658000E8F68 /* Frameworks */ = {
			isa = PBXFrameworksBuildPhase;
			buildActionMask = 2147483647;
			files = (
			);
			runOnlyForDeploymentPostprocessing = 0;
		};
		CD014F222E1AD658000E8F68 /* Frameworks */ = {
			isa = PBXFrameworksBuildPhase;
			buildActionMask = 2147483647;
			files = (
			);
			runOnlyForDeploymentPostprocessing = 0;
		};
/* End PBXFrameworksBuildPhase section */

/* Begin PBXGroup section */
		CD014EFC2E1AD656000E8F68 = {
			isa = PBXGroup;
			children = (
				CD014F072E1AD656000E8F68 /* symbolRoller */,
				CD014F1E2E1AD658000E8F68 /* symbolRollerTests */,
				CD014F282E1AD658000E8F68 /* symbolRollerUITests */,
				CD014F062E1AD656000E8F68 /* Products */,
			);
			sourceTree = "<group>";
		};
		CD014F062E1AD656000E8F68 /* Products */ = {
			isa = PBXGroup;
			children = (
				CD014F052E1AD656000E8F68 /* symbolRoller.app */,
				CD014F1B2E1AD658000E8F68 /* symbolRollerTests.xctest */,
				CD014F252E1AD658000E8F68 /* symbolRollerUITests.xctest */,
			);
			name = Products;
			sourceTree = "<group>";
		};
/* End PBXGroup section */

/* Begin PBXNativeTarget section */
		CD014F042E1AD656000E8F68 /* symbolRoller */ = {
			isa = PBXNativeTarget;
			buildConfigurationList = CD014F2E2E1AD658000E8F68 /* Build configuration list for PBXNativeTarget "symbolRoller" */;
			buildPhases = (
				CD014F012E1AD656000E8F68 /* Sources */,
				CD014F022E1AD656000E8F68 /* Frameworks */,
				CD014F032E1AD656000E8F68 /* Resources */,
			);
			buildRules = (
			);
			dependencies = (
			);
			fileSystemSynchronizedGroups = (
				CD014F072E1AD656000E8F68 /* symbolRoller */,
			);
			name = symbolRoller;
			packageProductDependencies = (
			);
			productName = symbolRoller;
			productReference = CD014F052E1AD656000E8F68 /* symbolRoller.app */;
			productType = "com.apple.product-type.application";
		};
		CD014F1A2E1AD658000E8F68 /* symbolRollerTests */ = {
			isa = PBXNativeTarget;
			buildConfigurationList = CD014F332E1AD658000E8F68 /* Build configuration list for PBXNativeTarget "symbolRollerTests" */;
			buildPhases = (
				CD014F172E1AD658000E8F68 /* Sources */,
				CD014F182E1AD658000E8F68 /* Frameworks */,
				CD014F192E1AD658000E8F68 /* Resources */,
			);
			buildRules = (
			);
			dependencies = (
				CD014F1D2E1AD658000E8F68 /* PBXTargetDependency */,
			);
			fileSystemSynchronizedGroups = (
				CD014F1E2E1AD658000E8F68 /* symbolRollerTests */,
			);
			name = symbolRollerTests;
			packageProductDependencies = (
			);
			productName = symbolRollerTests;
			productReference = CD014F1B2E1AD658000E8F68 /* symbolRollerTests.xctest */;
			productType = "com.apple.product-type.bundle.unit-test";
		};
		CD014F242E1AD658000E8F68 /* symbolRollerUITests */ = {
			isa = PBXNativeTarget;
			buildConfigurationList = CD014F362E1AD658000E8F68 /* Build configuration list for PBXNativeTarget "symbolRollerUITests" */;
			buildPhases = (
				CD014F212E1AD658000E8F68 /* Sources */,
				CD014F222E1AD658000E8F68 /* Frameworks */,
				CD014F232E1AD658000E8F68 /* Resources */,
			);
			buildRules = (
			);
			dependencies = (
				CD014F272E1AD658000E8F68 /* PBXTargetDependency */,
			);
			fileSystemSynchronizedGroups = (
				CD014F282E1AD658000E8F68 /* symbolRollerUITests */,
			);
			name = symbolRollerUITests;
			packageProductDependencies = (
			);
			productName = symbolRollerUITests;
			productReference = CD014F252E1AD658000E8F68 /* symbolRollerUITests.xctest */;
			productType = "com.apple.product-type.bundle.ui-testing";
		};
/* End PBXNativeTarget section */

/* Begin PBXProject section */
		CD014EFD2E1AD656000E8F68 /* Project object */ = {
			isa = PBXProject;
			attributes = {
				BuildIndependentTargetsInParallel = 1;
				LastSwiftUpdateCheck = 1640;
				LastUpgradeCheck = 1640;
				TargetAttributes = {
					CD014F042E1AD656000E8F68 = {
						CreatedOnToolsVersion = 16.4;
					};
					CD014F1A2E1AD658000E8F68 = {
						CreatedOnToolsVersion = 16.4;
						TestTargetID = CD014F042E1AD656000E8F68;
					};
					CD014F242E1AD658000E8F68 = {
						CreatedOnToolsVersion = 16.4;
						TestTargetID = CD014F042E1AD656000E8F68;
					};
				};
			};
			buildConfigurationList = CD014F002E1AD656000E8F68 /* Build configuration list for PBXProject "symbolRoller" */;
			developmentRegion = en;
			hasScannedForEncodings = 0;
			knownRegions = (
				en,
				Base,
			);
			mainGroup = CD014EFC2E1AD656000E8F68;
			minimizedProjectReferenceProxies = 1;
			preferredProjectObjectVersion = 77;
			productRefGroup = CD014F062E1AD656000E8F68 /* Products */;
			projectDirPath = "";
			projectRoot = "";
			targets = (
				CD014F042E1AD656000E8F68 /* symbolRoller */,
				CD014F1A2E1AD658000E8F68 /* symbolRollerTests */,
				CD014F242E1AD658000E8F68 /* symbolRollerUITests */,
			);
		};
/* End PBXProject section */

/* Begin PBXResourcesBuildPhase section */
		CD014F032E1AD656000E8F68 /* Resources */ = {
			isa = PBXResourcesBuildPhase;
			buildActionMask = 2147483647;
			files = (
			);
			runOnlyForDeploymentPostprocessing = 0;
		};
		CD014F192E1AD658000E8F68 /* Resources */ = {
			isa = PBXResourcesBuildPhase;
			buildActionMask = 2147483647;
			files = (
			);
			runOnlyForDeploymentPostprocessing = 0;
		};
		CD014F232E1AD658000E8F68 /* Resources */ = {
			isa = PBXResourcesBuildPhase;
			buildActionMask = 2147483647;
			files = (
			);
			runOnlyForDeploymentPostprocessing = 0;
		};
/* End PBXResourcesBuildPhase section */

/* Begin PBXSourcesBuildPhase section */
		CD014F012E1AD656000E8F68 /* Sources */ = {
			isa = PBXSourcesBuildPhase;
			buildActionMask = 2147483647;
			files = (
			);
			runOnlyForDeploymentPostprocessing = 0;
		};
		CD014F172E1AD658000E8F68 /* Sources */ = {
			isa = PBXSourcesBuildPhase;
			buildActionMask = 2147483647;
			files = (
			);
			runOnlyForDeploymentPostprocessing = 0;
		};
		CD014F212E1AD658000E8F68 /* Sources */ = {
			isa = PBXSourcesBuildPhase;
			buildActionMask = 2147483647;
			files = (
			);
			runOnlyForDeploymentPostprocessing = 0;
		};
/* End PBXSourcesBuildPhase section */

/* Begin PBXTargetDependency section */
		CD014F1D2E1AD658000E8F68 /* PBXTargetDependency */ = {
			isa = PBXTargetDependency;
			target = CD014F042E1AD656000E8F68 /* symbolRoller */;
			targetProxy = CD014F1C2E1AD658000E8F68 /* PBXContainerItemProxy */;
		};
		CD014F272E1AD658000E8F68 /* PBXTargetDependency */ = {
			isa = PBXTargetDependency;
			target = CD014F042E1AD656000E8F68 /* symbolRoller */;
			targetProxy = CD014F262E1AD658000E8F68 /* PBXContainerItemProxy */;
		};
/* End PBXTargetDependency section */

/* Begin XCBuildConfiguration section */
		CD014F2F2E1AD658000E8F68 /* Debug */ = {
			isa = XCBuildConfiguration;
			buildSettings = {
				ASSETCATALOG_COMPILER_APPICON_NAME = AppIcon;
				ASSETCATALOG_COMPILER_GLOBAL_ACCENT_COLOR_NAME = AccentColor;
				CODE_SIGN_STYLE = Automatic;
				CURRENT_PROJECT_VERSION = 1;
				GENERATE_INFOPLIST_FILE = YES;
				INFOPLIST_FILE = symbolRoller/Info.plist;
				INFOPLIST_KEY_UIApplicationSupportsIndirectInputEvents = YES;
				INFOPLIST_KEY_UILaunchStoryboardName = LaunchScreen;
				INFOPLIST_KEY_UIMainStoryboardFile = Main;
				INFOPLIST_KEY_UISupportedInterfaceOrientations_iPad = "UIInterfaceOrientationPortrait UIInterfaceOrientationPortraitUpsideDown UIInterfaceOrientationLandscapeLeft UIInterfaceOrientationLandscapeRight";
				INFOPLIST_KEY_UISupportedInterfaceOrientations_iPhone = "UIInterfaceOrientationPortrait UIInterfaceOrientationLandscapeLeft UIInterfaceOrientationLandscapeRight";
				LD_RUNPATH_SEARCH_PATHS = (
					"$(inherited)",
					"@executable_path/Frameworks",
				);
				MARKETING_VERSION = 1.0;
				PRODUCT_BUNDLE_IDENTIFIER = com.xxo.symbolRoller;
				PRODUCT_NAME = "$(TARGET_NAME)";
				SWIFT_EMIT_LOC_STRINGS = YES;
				SWIFT_VERSION = 5.0;
				TARGETED_DEVICE_FAMILY = "1,2";
			};
			name = Debug;
		};
		CD014F302E1AD658000E8F68 /* Release */ = {
			isa = XCBuildConfiguration;
			buildSettings = {
				ASSETCATALOG_COMPILER_APPICON_NAME = AppIcon;
				ASSETCATALOG_COMPILER_GLOBAL_ACCENT_COLOR_NAME = AccentColor;
				CODE_SIGN_STYLE = Automatic;
				CURRENT_PROJECT_VERSION = 1;
				GENERATE_INFOPLIST_FILE = YES;
				INFOPLIST_FILE = symbolRoller/Info.plist;
				INFOPLIST_KEY_UIApplicationSupportsIndirectInputEvents = YES;
				INFOPLIST_KEY_UILaunchStoryboardName = LaunchScreen;
				INFOPLIST_KEY_UIMainStoryboardFile = Main;
				INFOPLIST_KEY_UISupportedInterfaceOrientations_iPad = "UIInterfaceOrientationPortrait UIInterfaceOrientationPortraitUpsideDown UIInterfaceOrientationLandscapeLeft UIInterfaceOrientationLandscapeRight";
				INFOPLIST_KEY_UISupportedInterfaceOrientations_iPhone = "UIInterfaceOrientationPortrait UIInterfaceOrientationLandscapeLeft UIInterfaceOrientationLandscapeRight";
				LD_RUNPATH_SEARCH_PATHS = (
					"$(inherited)",
					"@executable_path/Frameworks",
				);
				MARKETING_VERSION = 1.0;
				PRODUCT_BUNDLE_IDENTIFIER = com.xxo.symbolRoller;
				PRODUCT_NAME = "$(TARGET_NAME)";
				SWIFT_EMIT_LOC_STRINGS = YES;
				SWIFT_VERSION = 5.0;
				TARGETED_DEVICE_FAMILY = "1,2";
			};
			name = Release;
		};
		CD014F312E1AD658000E8F68 /* Debug */ = {
			isa = XCBuildConfiguration;
			buildSettings = {
				ALWAYS_SEARCH_USER_PATHS = NO;
				ASSETCATALOG_COMPILER_GENERATE_SWIFT_ASSET_SYMBOL_EXTENSIONS = YES;
				CLANG_ANALYZER_NONNULL = YES;
				CLANG_ANALYZER_NUMBER_OBJECT_CONVERSION = YES_AGGRESSIVE;
				CLANG_CXX_LANGUAGE_STANDARD = "gnu++20";
				CLANG_ENABLE_MODULES = YES;
				CLANG_ENABLE_OBJC_ARC = YES;
				CLANG_ENABLE_OBJC_WEAK = YES;
				CLANG_WARN_BLOCK_CAPTURE_AUTORELEASING = YES;
				CLANG_WARN_BOOL_CONVERSION = YES;
				CLANG_WARN_COMMA = YES;
				CLANG_WARN_CONSTANT_CONVERSION = YES;
				CLANG_WARN_DEPRECATED_OBJC_IMPLEMENTATIONS = YES;
				CLANG_WARN_DIRECT_OBJC_ISA_USAGE = YES_ERROR;
				CLANG_WARN_DOCUMENTATION_COMMENTS = YES;
				CLANG_WARN_EMPTY_BODY = YES;
				CLANG_WARN_ENUM_CONVERSION = YES;
				CLANG_WARN_INFINITE_RECURSION = YES;
				CLANG_WARN_INT_CONVERSION = YES;
				CLANG_WARN_NON_LITERAL_NULL_CONVERSION = YES;
				CLANG_WARN_OBJC_IMPLICIT_RETAIN_SELF = YES;
				CLANG_WARN_OBJC_LITERAL_CONVERSION = YES;
				CLANG_WARN_OBJC_ROOT_CLASS = YES_ERROR;
				CLANG_WARN_QUOTED_INCLUDE_IN_FRAMEWORK_HEADER = YES;
				CLANG_WARN_RANGE_LOOP_ANALYSIS = YES;
				CLANG_WARN_STRICT_PROTOTYPES = YES;
				CLANG_WARN_SUSPICIOUS_MOVE = YES;
				CLANG_WARN_UNGUARDED_AVAILABILITY = YES_AGGRESSIVE;
				CLANG_WARN_UNREACHABLE_CODE = YES;
				CLANG_WARN__DUPLICATE_METHOD_MATCH = YES;
				COPY_PHASE_STRIP = NO;
				DEBUG_INFORMATION_FORMAT = dwarf;
				ENABLE_STRICT_OBJC_MSGSEND = YES;
				ENABLE_TESTABILITY = YES;
				ENABLE_USER_SCRIPT_SANDBOXING = YES;
				GCC_C_LANGUAGE_STANDARD = gnu17;
				GCC_DYNAMIC_NO_PIC = NO;
				GCC_NO_COMMON_BLOCKS = YES;
				GCC_OPTIMIZATION_LEVEL = 0;
				GCC_PREPROCESSOR_DEFINITIONS = (
					"DEBUG=1",
					"$(inherited)",
				);
				GCC_WARN_64_TO_32_BIT_CONVERSION = YES;
				GCC_WARN_ABOUT_RETURN_TYPE = YES_ERROR;
				GCC_WARN_UNDECLARED_SELECTOR = YES;
				GCC_WARN_UNINITIALIZED_AUTOS = YES_AGGRESSIVE;
				GCC_WARN_UNUSED_FUNCTION = YES;
				GCC_WARN_UNUSED_VARIABLE = YES;
				IPHONEOS_DEPLOYMENT_TARGET = 18.5;
				LOCALIZATION_PREFERS_STRING_CATALOGS = YES;
				MTL_ENABLE_DEBUG_INFO = INCLUDE_SOURCE;
				MTL_FAST_MATH = YES;
				ONLY_ACTIVE_ARCH = YES;
				SDKROOT = iphoneos;
				SWIFT_ACTIVE_COMPILATION_CONDITIONS = "DEBUG $(inherited)";
				SWIFT_OPTIMIZATION_LEVEL = "-Onone";
			};
			name = Debug;
		};
		CD014F322E1AD658000E8F68 /* Release */ = {
			isa = XCBuildConfiguration;
			buildSettings = {
				ALWAYS_SEARCH_USER_PATHS = NO;
				ASSETCATALOG_COMPILER_GENERATE_SWIFT_ASSET_SYMBOL_EXTENSIONS = YES;
				CLANG_ANALYZER_NONNULL = YES;
				CLANG_ANALYZER_NUMBER_OBJECT_CONVERSION = YES_AGGRESSIVE;
				CLANG_CXX_LANGUAGE_STANDARD = "gnu++20";
				CLANG_ENABLE_MODULES = YES;
				CLANG_ENABLE_OBJC_ARC = YES;
				CLANG_ENABLE_OBJC_WEAK = YES;
				CLANG_WARN_BLOCK_CAPTURE_AUTORELEASING = YES;
				CLANG_WARN_BOOL_CONVERSION = YES;
				CLANG_WARN_COMMA = YES;
				CLANG_WARN_CONSTANT_CONVERSION = YES;
				CLANG_WARN_DEPRECATED_OBJC_IMPLEMENTATIONS = YES;
				CLANG_WARN_DIRECT_OBJC_ISA_USAGE = YES_ERROR;
				CLANG_WARN_DOCUMENTATION_COMMENTS = YES;
				CLANG_WARN_EMPTY_BODY = YES;
				CLANG_WARN_ENUM_CONVERSION = YES;
				CLANG_WARN_INFINITE_RECURSION = YES;
				CLANG_WARN_INT_CONVERSION = YES;
				CLANG_WARN_NON_LITERAL_NULL_CONVERSION = YES;
				CLANG_WARN_OBJC_IMPLICIT_RETAIN_SELF = YES;
				CLANG_WARN_OBJC_LITERAL_CONVERSION = YES;
				CLANG_WARN_OBJC_ROOT_CLASS = YES_ERROR;
				CLANG_WARN_QUOTED_INCLUDE_IN_FRAMEWORK_HEADER = YES;
				CLANG_WARN_RANGE_LOOP_ANALYSIS = YES;
				CLANG_WARN_STRICT_PROTOTYPES = YES;
				CLANG_WARN_SUSPICIOUS_MOVE = YES;
				CLANG_WARN_UNGUARDED_AVAILABILITY = YES_AGGRESSIVE;
				CLANG_WARN_UNREACHABLE_CODE = YES;
				CLANG_WARN__DUPLICATE_METHOD_MATCH = YES;
				COPY_PHASE_STRIP = NO;
				DEBUG_INFORMATION_FORMAT = "dwarf-with-dsym";
				ENABLE_NS_ASSERTIONS = NO;
				ENABLE_STRICT_OBJC_MSGSEND = YES;
				ENABLE_USER_SCRIPT_SANDBOXING = YES;
				GCC_C_LANGUAGE_STANDARD = gnu17;
				GCC_NO_COMMON_BLOCKS = YES;
				GCC_WARN_64_TO_32_BIT_CONVERSION = YES;
				GCC_WARN_ABOUT_RETURN_TYPE = YES_ERROR;
				GCC_WARN_UNDECLARED_SELECTOR = YES;
				GCC_WARN_UNINITIALIZED_AUTOS = YES_AGGRESSIVE;
				GCC_WARN_UNUSED_FUNCTION = YES;
				GCC_WARN_UNUSED_VARIABLE = YES;
				IPHONEOS_DEPLOYMENT_TARGET = 18.5;
				LOCALIZATION_PREFERS_STRING_CATALOGS = YES;
				MTL_ENABLE_DEBUG_INFO = NO;
				MTL_FAST_MATH = YES;
				SDKROOT = iphoneos;
				SWIFT_COMPILATION_MODE = wholemodule;
				VALIDATE_PRODUCT = YES;
			};
			name = Release;
		};
		CD014F342E1AD658000E8F68 /* Debug */ = {
			isa = XCBuildConfiguration;
			buildSettings = {
				BUNDLE_LOADER = "$(TEST_HOST)";
				CODE_SIGN_STYLE = Automatic;
				CURRENT_PROJECT_VERSION = 1;
				GENERATE_INFOPLIST_FILE = YES;
				IPHONEOS_DEPLOYMENT_TARGET = 18.5;
				MARKETING_VERSION = 1.0;
				PRODUCT_BUNDLE_IDENTIFIER = com.xxo.symbolRollerTests;
				PRODUCT_NAME = "$(TARGET_NAME)";
				SWIFT_EMIT_LOC_STRINGS = NO;
				SWIFT_VERSION = 5.0;
				TARGETED_DEVICE_FAMILY = "1,2";
				TEST_HOST = "$(BUILT_PRODUCTS_DIR)/symbolRoller.app/$(BUNDLE_EXECUTABLE_FOLDER_PATH)/symbolRoller";
			};
			name = Debug;
		};
		CD014F352E1AD658000E8F68 /* Release */ = {
			isa = XCBuildConfiguration;
			buildSettings = {
				BUNDLE_LOADER = "$(TEST_HOST)";
				CODE_SIGN_STYLE = Automatic;
				CURRENT_PROJECT_VERSION = 1;
				GENERATE_INFOPLIST_FILE = YES;
				IPHONEOS_DEPLOYMENT_TARGET = 18.5;
				MARKETING_VERSION = 1.0;
				PRODUCT_BUNDLE_IDENTIFIER = com.xxo.symbolRollerTests;
				PRODUCT_NAME = "$(TARGET_NAME)";
				SWIFT_EMIT_LOC_STRINGS = NO;
				SWIFT_VERSION = 5.0;
				TARGETED_DEVICE_FAMILY = "1,2";
				TEST_HOST = "$(BUILT_PRODUCTS_DIR)/symbolRoller.app/$(BUNDLE_EXECUTABLE_FOLDER_PATH)/symbolRoller";
			};
			name = Release;
		};
		CD014F372E1AD658000E8F68 /* Debug */ = {
			isa = XCBuildConfiguration;
			buildSettings = {
				CODE_SIGN_STYLE = Automatic;
				CURRENT_PROJECT_VERSION = 1;
				GENERATE_INFOPLIST_FILE = YES;
				MARKETING_VERSION = 1.0;
				PRODUCT_BUNDLE_IDENTIFIER = com.xxo.symbolRollerUITests;
				PRODUCT_NAME = "$(TARGET_NAME)";
				SWIFT_EMIT_LOC_STRINGS = NO;
				SWIFT_VERSION = 5.0;
				TARGETED_DEVICE_FAMILY = "1,2";
				TEST_TARGET_NAME = symbolRoller;
			};
			name = Debug;
		};
		CD014F382E1AD658000E8F68 /* Release */ = {
			isa = XCBuildConfiguration;
			buildSettings = {
				CODE_SIGN_STYLE = Automatic;
				CURRENT_PROJECT_VERSION = 1;
				GENERATE_INFOPLIST_FILE = YES;
				MARKETING_VERSION = 1.0;
				PRODUCT_BUNDLE_IDENTIFIER = com.xxo.symbolRollerUITests;
				PRODUCT_NAME = "$(TARGET_NAME)";
				SWIFT_EMIT_LOC_STRINGS = NO;
				SWIFT_VERSION = 5.0;
				TARGETED_DEVICE_FAMILY = "1,2";
				TEST_TARGET_NAME = symbolRoller;
			};
			name = Release;
		};
/* End XCBuildConfiguration section */

/* Begin XCConfigurationList section */
		CD014F002E1AD656000E8F68 /* Build configuration list for PBXProject "symbolRoller" */ = {
			isa = XCConfigurationList;
			buildConfigurations = (
				CD014F312E1AD658000E8F68 /* Debug */,
				CD014F322E1AD658000E8F68 /* Release */,
			);
			defaultConfigurationIsVisible = 0;
			defaultConfigurationName = Release;
		};
		CD014F2E2E1AD658000E8F68 /* Build configuration list for PBXNativeTarget "symbolRoller" */ = {
			isa = XCConfigurationList;
			buildConfigurations = (
				CD014F2F2E1AD658000E8F68 /* Debug */,
				CD014F302E1AD658000E8F68 /* Release */,
			);
			defaultConfigurationIsVisible = 0;
			defaultConfigurationName = Release;
		};
		CD014F332E1AD658000E8F68 /* Build configuration list for PBXNativeTarget "symbolRollerTests" */ = {
			isa = XCConfigurationList;
			buildConfigurations = (
				CD014F342E1AD658000E8F68 /* Debug */,
				CD014F352E1AD658000E8F68 /* Release */,
			);
			defaultConfigurationIsVisible = 0;
			defaultConfigurationName = Release;
		};
		CD014F362E1AD658000E8F68 /* Build configuration list for PBXNativeTarget "symbolRollerUITests" */ = {
			isa = XCConfigurationList;
			buildConfigurations = (
				CD014F372E1AD658000E8F68 /* Debug */,
				CD014F382E1AD658000E8F68 /* Release */,
			);
			defaultConfigurationIsVisible = 0;
			defaultConfigurationName = Release;
		};
/* End XCConfigurationList section */
	};
	rootObject = CD014EFD2E1AD656000E8F68 /* Project object */;
}
